{
    "_readme": [
        "This file locks the dependencies of your project to a known state",
        "Read more about it at https://getcomposer.org/doc/01-basic-usage.md#installing-dependencies",
        "This file is @generated automatically"
    ],
    "content-hash": "306277826ef42c4c2616defeb4b2ca8d",
    "packages": [
        {
            "name": "bcosca/fatfree-core",
            "version": "3.8.1",
            "source": {
                "type": "git",
                "url": "https://github.com/bcosca/fatfree-core.git",
                "reference": "f6ea45472f55a1ecabd4ced74cb56f0efd6af34e"
            },
            "dist": {
                "type": "zip",
                "url": "https://api.github.com/repos/bcosca/fatfree-core/zipball/f6ea45472f55a1ecabd4ced74cb56f0efd6af34e",
                "reference": "f6ea45472f55a1ecabd4ced74cb56f0efd6af34e",
                "shasum": ""
            },
            "require": {
                "php": ">=5.4"
            },
            "type": "library",
            "autoload": {
                "classmap": [
                    "."
                ]
            },
            "notification-url": "https://packagist.org/downloads/",
            "license": [
                "GPL-3.0"
            ],
            "description": "A powerful yet easy-to-use PHP micro-framework designed to help you build dynamic and robust Web applications - fast!",
            "homepage": "http://fatfreeframework.com/",
            "support": {
                "issues": "https://github.com/bcosca/fatfree-core/issues",
                "source": "https://github.com/bcosca/fatfree-core/tree/3.8.1"
            },
            "time": "2022-11-04T23:15:19+00:00"
        },
        {
            "name": "ikkez/f3-flash",
            "version": "1.0.2",
            "source": {
                "type": "git",
                "url": "https://github.com/ikkez/f3-flash.git",
                "reference": "ebe20c4e35408f4b03211d946dfbafe375b385a1"
            },
            "dist": {
                "type": "zip",
                "url": "https://api.github.com/repos/ikkez/f3-flash/zipball/ebe20c4e35408f4b03211d946dfbafe375b385a1",
                "reference": "ebe20c4e35408f4b03211d946dfbafe375b385a1",
                "shasum": ""
            },
            "type": "library",
            "autoload": {
                "classmap": [
                    "lib/"
                ]
            },
            "notification-url": "https://packagist.org/downloads/",
            "license": [
                "GPL-3.0"
            ],
            "description": "Add simple Flash Messages and Flash Keys to PHP Fat-Free Framework",
            "homepage": "https://github.com/ikkez/f3-flash",
            "keywords": [
                "F3",
                "fatfree",
                "flash",
                "session"
            ],
            "support": {
                "issues": "https://github.com/ikkez/f3-flash/issues",
                "source": "https://github.com/ikkez/f3-flash/tree/1.0.2"
            },
            "time": "2020-12-13T08:43:57+00:00"
        },
        {
            "name": "n0nag0n/fatfree-environment-check",
            "version": "0.1",
            "source": {
                "type": "git",
                "url": "https://github.com/n0nag0n/fatfree-environment-check.git",
                "reference": "2f03a59f6557bba2f93acfc7459f6b7fbb4d57c9"
            },
            "dist": {
                "type": "zip",
                "url": "https://api.github.com/repos/n0nag0n/fatfree-environment-check/zipball/2f03a59f6557bba2f93acfc7459f6b7fbb4d57c9",
                "reference": "2f03a59f6557bba2f93acfc7459f6b7fbb4d57c9",
                "shasum": ""
            },
            "require": {
                "bcosca/fatfree-core": "^3.7"
            },
            "type": "library",
            "autoload": {
                "psr-4": {
                    "n0nag0n\\": "src/"
                }
            },
            "notification-url": "https://packagist.org/downloads/",
            "license": [
                "MIT"
            ],
            "authors": [
                {
                    "name": "n0nag0n",
                    "email": "n0nag0n@sky-9.com"
                }
            ],
            "description": "A small library that adds a route that runs a series of checks against your environment to make sure it's up to snuff.",
            "support": {
                "issues": "https://github.com/n0nag0n/fatfree-environment-check/issues",
                "source": "https://github.com/n0nag0n/fatfree-environment-check/tree/0.1"
            },
            "time": "2020-12-31T14:53:22+00:00"
        },
        {
            "name": "net-tools/composer-interface",
            "version": "1.0.15",
            "source": {
                "type": "git",
                "url": "https://github.com/net-tools/composer-interface.git",
                "reference": "079964b37399851763efbd3571205388829fd355"
            },
            "dist": {
                "type": "zip",
                "url": "https://api.github.com/repos/net-tools/composer-interface/zipball/079964b37399851763efbd3571205388829fd355",
                "reference": "079964b37399851763efbd3571205388829fd355",
                "shasum": ""
            },
            "require": {
                "php": ">= 5.4.0"
            },
            "type": "library",
            "notification-url": "https://packagist.org/downloads/",
            "license": [
                "MIT"
            ],
            "authors": [
                {
                    "name": "Pierre",
                    "email": "dev@nettools.ovh",
                    "role": "Developer"
                }
            ],
            "description": "PHP shell interface to Composer when SSH is not available on your host ",
            "support": {
                "issues": "https://github.com/net-tools/composer-interface/issues",
                "source": "https://github.com/net-tools/composer-interface/tree/1.0.15"
            },
            "time": "2022-03-08T16:48:51+00:00"
        }
    ],
    "packages-dev": [],
    "aliases": [],
    "minimum-stability": "stable",
    "stability-flags": [],
    "prefer-stable": false,
    "prefer-lowest": false,
    "platform": [],
    "platform-dev": [],
    "plugin-api-version": "2.3.0"
}
